
Microsoft Visual Studio Solution File, Format Version 12.00
# Visual Studio Version 17
VisualStudioVersion = 17.4.33213.308
MinimumVisualStudioVersion = 10.0.40219.1
Project("{FAE04EC0-301F-11D3-BF4B-00C04F79EFBC}") = "Serialization", "Serialization.csproj", "{B4859EDD-94AE-40EB-8A6B-03C7D2970514}"
EndProject
Global
	GlobalSection(SolutionConfigurationPlatforms) = preSolution
		Debug|Any CPU = Debug|Any CPU
		Release|Any CPU = Release|Any CPU
	EndGlobalSection
	GlobalSection(ProjectConfigurationPlatforms) = postSolution
		{B4859EDD-94AE-40EB-8A6B-03C7D2970514}.Debug|Any CPU.ActiveCfg = Debug|Any CPU
		{B4859EDD-94AE-40EB-8A6B-03C7D2970514}.Debug|Any CPU.Build.0 = Debug|Any CPU
		{B4859EDD-94AE-40EB-8A6B-03C7D2970514}.Release|Any CPU.ActiveCfg = Release|Any CPU
		{B4859EDD-94AE-40EB-8A6B-03C7D2970514}.Release|Any CPU.Build.0 = Release|Any CPU
	EndGlobalSection
	GlobalSection(SolutionProperties) = preSolution
		HideSolutionNode = FALSE
	EndGlobalSection
	GlobalSection(ExtensibilityGlobals) = postSolution
		SolutionGuid = {8E542668-0E1D-41A6-978D-E050795D2A49}
	EndGlobalSection
EndGlobal
